
Microsoft Visual Studio Solution File, Format Version 12.00
# Visual Studio Version 16
VisualStudioVersion = 16.0.30611.23
MinimumVisualStudioVersion = 10.0.40219.1
Project("{F184B08F-C81C-45F6-A57F-5ABD9991F28F}") = "WebApplication1", "WebApplication1\WebApplication1.vbproj", "{DFB04018-B359-4009-B149-F7AF3913F773}"
EndProject
Global
	GlobalSection(SolutionConfigurationPlatforms) = preSolution
		Debug|Any CPU = Debug|Any CPU
		Release|Any CPU = Release|Any CPU
	EndGlobalSection
	GlobalSection(ProjectConfigurationPlatforms) = postSolution
		{DFB04018-B359-4009-B149-F7AF3913F773}.Debug|Any CPU.ActiveCfg = Debug|Any CPU
		{DFB04018-B359-4009-B149-F7AF3913F773}.Debug|Any CPU.Build.0 = Debug|Any CPU
		{DFB04018-B359-4009-B149-F7AF3913F773}.Release|Any CPU.ActiveCfg = Release|Any CPU
		{DFB04018-B359-4009-B149-F7AF3913F773}.Release|Any CPU.Build.0 = Release|Any CPU
	EndGlobalSection
	GlobalSection(SolutionProperties) = preSolution
		HideSolutionNode = FALSE
	EndGlobalSection
	GlobalSection(ExtensibilityGlobals) = postSolution
		SolutionGuid = {F9C589D9-640F-4CCD-8C3C-CBB6F1CF93C4}
	EndGlobalSection
EndGlobal
